{
  "nodes": {
    "agenix": {
      "inputs": {
        "nixpkgs": [
          "latest"
        ]
      },
      "locked": {
        "lastModified": 1640802000,
        "narHash": "sha256-ZiI94Zv/IgW64fqKrtVaQqfUCkn9STvAjgfFmvtqcQ8=",
        "owner": "ryantm",
        "repo": "agenix",
        "rev": "c5558c88b2941bf94886dfdede6926b1ba5f5629",
        "type": "github"
      },
      "original": {
        "owner": "ryantm",
        "repo": "agenix",
        "type": "github"
      }
    },
    "beautysh": {
      "inputs": {
        "flake-utils": "flake-utils",
        "nixpkgs": [
          "bud",
          "nixpkgs"
        ],
        "poetry2nix": "poetry2nix"
      },
      "locked": {
        "lastModified": 1630693543,
        "narHash": "sha256-7Sly3ReaJZw60Qo0rpfN4jF6zy94nwQz6ENgUUFzJfg=",
        "owner": "lovesegfault",
        "repo": "beautysh",
        "rev": "5609593961b70428f58d5c1b4b25cdda43b0d0bd",
        "type": "github"
      },
      "original": {
        "owner": "lovesegfault",
        "repo": "beautysh",
        "type": "github"
      }
    },
    "blank": {
      "locked": {
        "lastModified": 1625557891,
        "narHash": "sha256-O8/MWsPBGhhyPoPLHZAuoZiiHo9q6FLlEeIDEXuj6T4=",
        "owner": "divnix",
        "repo": "blank",
        "rev": "5a5d2684073d9f563072ed07c871d577a6c614a8",
        "type": "github"
      },
      "original": {
        "owner": "divnix",
        "repo": "blank",
        "type": "github"
      }
    },
    "bleeding-edge": {
      "locked": {
        "lastModified": 1641147838,
        "narHash": "sha256-/D8T2KIfag68MSr7YHpbaDV+axwW4ukmne+vFNmWP30=",
        "owner": "nixos",
        "repo": "nixpkgs",
        "rev": "e4992cdd655925cfd1d554c73d76567f79edbff7",
        "type": "github"
      },
      "original": {
        "owner": "nixos",
        "ref": "master",
        "repo": "nixpkgs",
        "type": "github"
      }
    },
    "bud": {
      "inputs": {
        "beautysh": "beautysh",
        "devshell": [
          "digga",
          "devshell"
        ],
        "nixpkgs": [
          "latest"
        ]
      },
      "locked": {
        "lastModified": 1640836100,
        "narHash": "sha256-My9Lay6BCDwAZgrL4SuVXHkYPHIU7ypnuiS/pd7eg1M=",
        "owner": "divnix",
        "repo": "bud",
        "rev": "b1d8ab3970f4dfb5fb90d7d8a9ab493c75d031fc",
        "type": "github"
      },
      "original": {
        "owner": "divnix",
        "repo": "bud",
        "type": "github"
      }
    },
    "darwin": {
      "inputs": {
        "nixpkgs": [
          "latest"
        ]
      },
      "locked": {
        "lastModified": 1641120609,
        "narHash": "sha256-T234QUAxiYu3FNswRO1uN4aknWZKyMNOYHrWgp59iLQ=",
        "owner": "LnL7",
        "repo": "nix-darwin",
        "rev": "40b518d33692c93e8784278275e4aeaa0afc910b",
        "type": "github"
      },
      "original": {
        "owner": "LnL7",
        "repo": "nix-darwin",
        "type": "github"
      }
    },
    "deploy": {
      "inputs": {
        "flake-compat": "flake-compat",
        "nixpkgs": [
          "digga",
          "latest"
        ],
        "utils": [
          "digga",
          "flake-utils"
        ]
      },
      "locked": {
        "lastModified": 1632822684,
        "narHash": "sha256-lt7eayYmgsD5OQwpb1XYfHpxttn43bWo7G7hIJs+zJw=",
        "owner": "serokell",
        "repo": "deploy-rs",
        "rev": "9a02de4373e0ec272d08a417b269a28ac8b961b4",
        "type": "github"
      },
      "original": {
        "owner": "serokell",
        "repo": "deploy-rs",
        "type": "github"
      }
    },
    "devshell": {
      "locked": {
        "lastModified": 1637575296,
        "narHash": "sha256-ZY8YR5u8aglZPe27+AJMnPTG6645WuavB+w0xmhTarw=",
        "owner": "numtide",
        "repo": "devshell",
        "rev": "0e56ef21ba1a717169953122c7415fa6a8cd2618",
        "type": "github"
      },
      "original": {
        "owner": "numtide",
        "repo": "devshell",
        "type": "github"
      }
    },
    "digga": {
      "inputs": {
        "blank": "blank",
        "deploy": "deploy",
        "devshell": "devshell",
        "flake-utils": "flake-utils_3",
        "flake-utils-plus": "flake-utils-plus",
        "home-manager": [
          "home"
        ],
        "latest": "latest",
        "nixlib": [
          "nixos"
        ],
        "nixos-generators": "nixos-generators",
        "nixpkgs": [
          "nixos"
        ]
      },
      "locked": {
        "lastModified": 1640815524,
        "narHash": "sha256-ZzyS803XuCl99XE4581m0Suni+q1Hz+Mpw6A9bs7VKM=",
        "owner": "divnix",
        "repo": "digga",
        "rev": "5c9417495d8ab8813377d7b990680258b9eb4cff",
        "type": "github"
      },
      "original": {
        "owner": "divnix",
        "repo": "digga",
        "type": "github"
      }
    },
    "flake-compat": {
      "flake": false,
      "locked": {
        "lastModified": 1627913399,
        "narHash": "sha256-hY8g6H2KFL8ownSiFeMOjwPC8P0ueXpCVEbxgda3pko=",
        "owner": "edolstra",
        "repo": "flake-compat",
        "rev": "12c64ca55c1014cdc1b16ed5a804aa8576601ff2",
        "type": "github"
      },
      "original": {
        "owner": "edolstra",
        "repo": "flake-compat",
        "type": "github"
      }
    },
    "flake-utils": {
      "locked": {
        "lastModified": 1623875721,
        "narHash": "sha256-A8BU7bjS5GirpAUv4QA+QnJ4CceLHkcXdRp4xITDB0s=",
        "owner": "numtide",
        "repo": "flake-utils",
        "rev": "f7e004a55b120c02ecb6219596820fcd32ca8772",
        "type": "github"
      },
      "original": {
        "owner": "numtide",
        "repo": "flake-utils",
        "type": "github"
      }
    },
    "flake-utils-plus": {
      "inputs": {
        "flake-utils": [
          "digga",
          "flake-utils"
        ]
      },
      "locked": {
        "lastModified": 1638994888,
        "narHash": "sha256-iz/ynGNZlvqKCOnFrEKqGA+BVKGQMG+g2JT+e3OOLN8=",
        "owner": "divnix",
        "repo": "flake-utils-plus",
        "rev": "b4f9f517574cb7bd6ee3f19c72c19634c9f536e1",
        "type": "github"
      },
      "original": {
        "owner": "divnix",
        "repo": "flake-utils-plus",
        "type": "github"
      }
    },
    "flake-utils_2": {
      "locked": {
        "lastModified": 1638122382,
        "narHash": "sha256-sQzZzAbvKEqN9s0bzWuYmRaA03v40gaJ4+iL1LXjaeI=",
        "owner": "numtide",
        "repo": "flake-utils",
        "rev": "74f7e4319258e287b0f9cb95426c9853b282730b",
        "type": "github"
      },
      "original": {
        "owner": "numtide",
        "repo": "flake-utils",
        "type": "github"
      }
    },
    "flake-utils_3": {
      "locked": {
        "lastModified": 1638122382,
        "narHash": "sha256-sQzZzAbvKEqN9s0bzWuYmRaA03v40gaJ4+iL1LXjaeI=",
        "owner": "numtide",
        "repo": "flake-utils",
        "rev": "74f7e4319258e287b0f9cb95426c9853b282730b",
        "type": "github"
      },
      "original": {
        "owner": "numtide",
        "repo": "flake-utils",
        "type": "github"
      }
    },
    "home": {
      "inputs": {
        "nixpkgs": [
          "nixos"
        ]
      },
      "locked": {
        "lastModified": 1638281721,
        "narHash": "sha256-d3vAVFG6zov9NwjSuYntBiD+I5KjJLwX09c7uAzbONI=",
        "owner": "nix-community",
        "repo": "home-manager",
        "rev": "7329ffc6e911106494183557fc249180d5422929",
        "type": "github"
      },
      "original": {
        "owner": "nix-community",
        "ref": "release-21.05",
        "repo": "home-manager",
        "type": "github"
      }
    },
    "latest": {
      "locked": {
        "lastModified": 1638198142,
        "narHash": "sha256-plU9b8r4St6q4U7VHtG9V7oF8k9fIpfXl/KDaZLuY9k=",
        "owner": "nixos",
        "repo": "nixpkgs",
        "rev": "8a308775674e178495767df90c419425474582a1",
        "type": "github"
      },
      "original": {
        "owner": "nixos",
        "ref": "nixos-unstable",
        "repo": "nixpkgs",
        "type": "github"
      }
    },
    "latest_2": {
      "locked": {
        "lastModified": 1640871638,
        "narHash": "sha256-ty6sGnJUQEkCd43At5U3DRQZD7rPARz5VginSW6hZ3k=",
        "owner": "nixos",
        "repo": "nixpkgs",
        "rev": "5b091d4fbe3b7b7493c3b46fe0842e4b30ea24b3",
        "type": "github"
      },
      "original": {
        "owner": "nixos",
        "ref": "nixos-unstable",
        "repo": "nixpkgs",
        "type": "github"
      }
    },
    "naersk": {
      "inputs": {
        "nixpkgs": [
          "latest"
        ]
      },
      "locked": {
        "lastModified": 1639947939,
        "narHash": "sha256-pGsM8haJadVP80GFq4xhnSpNitYNQpaXk4cnA796Cso=",
        "owner": "nmattia",
        "repo": "naersk",
        "rev": "2fc8ce9d3c025d59fee349c1f80be9785049d653",
        "type": "github"
      },
      "original": {
        "owner": "nmattia",
        "repo": "naersk",
        "type": "github"
      }
    },
    "nixos": {
      "locked": {
        "lastModified": 1640929225,
        "narHash": "sha256-JcnGLghuMWCApRr1Rer5EnIGhQUdAfyAVpdZNH2LL2A=",
        "owner": "nixos",
        "repo": "nixpkgs",
        "rev": "932ec35ff8ac0fef5667ad2b0db4a009440255a9",
        "type": "github"
      },
      "original": {
        "owner": "nixos",
        "ref": "release-21.05",
        "repo": "nixpkgs",
        "type": "github"
      }
    },
    "nixos-generators": {
      "inputs": {
        "nixlib": [
          "digga",
          "nixlib"
        ],
        "nixpkgs": [
          "digga",
          "blank"
        ]
      },
      "locked": {
        "lastModified": 1637655461,
        "narHash": "sha256-kXZPbclN3gKwjhp2/RYFDFpAsSBwzX1iLF4EcnHZsPQ=",
        "owner": "nix-community",
        "repo": "nixos-generators",
        "rev": "05a3eb158a9c7746a5d463726d7f7cccf07500e4",
        "type": "github"
      },
      "original": {
        "owner": "nix-community",
        "repo": "nixos-generators",
        "type": "github"
      }
    },
    "nixos-hardware": {
      "locked": {
        "lastModified": 1640686209,
        "narHash": "sha256-6glXUlKRDhEhNuYx6r3fXU6KH2/Vq9mJZjB9oUpwrmc=",
        "owner": "nixos",
        "repo": "nixos-hardware",
        "rev": "46df95ca81e7e4cf3458cdb4b7d1714b5fce9da5",
        "type": "github"
      },
      "original": {
        "owner": "nixos",
        "repo": "nixos-hardware",
        "type": "github"
      }
    },
    "nixpkgs": {
      "locked": {
        "lastModified": 1640831728,
        "narHash": "sha256-KK5SKqqfAt+ev3bHLrVXJ6i4zx9YQW6k19oUInY8T2M=",
        "owner": "NixOS",
        "repo": "nixpkgs",
        "rev": "5d90841dd0179430db010dfc2c58b2a7de4371be",
        "type": "github"
      },
      "original": {
        "owner": "NixOS",
        "repo": "nixpkgs",
        "type": "github"
      }
    },
    "nur": {
      "locked": {
        "lastModified": 1625017418,
        "narHash": "sha256-yblZ7cKks714KUiu84WrB2Z7qCDYYG0S6nzEa4QjdCo=",
        "path": "/nix/store/7b5np9rc8713iibnlb4bwdgzm4ydg1ih-source",
        "rev": "3758bdc037431f7a45a3a66547d2826d31f70bf5",
        "type": "path"
      },
      "original": {
        "id": "nur",
        "type": "indirect"
      }
    },
    "nvfetcher": {
      "inputs": {
        "flake-compat": [
          "digga",
          "deploy",
          "flake-compat"
        ],
        "flake-utils": [
          "digga",
          "flake-utils-plus",
          "flake-utils"
        ],
        "nixpkgs": [
          "nixos"
        ]
      },
      "locked": {
        "lastModified": 1632700276,
        "narHash": "sha256-XABvQUq2qv+YcQxW93DnU8mgtVsGJWyhcznny/Lbp0Q=",
        "owner": "berberman",
        "repo": "nvfetcher",
        "rev": "248fe98ed1bc352ce164d08a9e76fdc5f301ba2d",
        "type": "github"
      },
      "original": {
        "owner": "berberman",
        "ref": "0.4.0",
        "repo": "nvfetcher",
        "type": "github"
      }
    },
    "poetry2nix": {
      "inputs": {
        "flake-utils": "flake-utils_2",
        "nixpkgs": "nixpkgs"
      },
      "locked": {
        "lastModified": 1625240517,
        "narHash": "sha256-2E1gaOP+bCplhf3kliVQWK5N1NV2h06mkJk2KTiRTJQ=",
        "owner": "nix-community",
        "repo": "poetry2nix",
        "rev": "e40e8ed0e8c11e709e4c8c7c20174facd265a021",
        "type": "github"
      },
      "original": {
        "owner": "nix-community",
        "repo": "poetry2nix",
        "type": "github"
      }
    },
    "root": {
      "inputs": {
        "agenix": "agenix",
        "blank": [
          "digga",
          "blank"
        ],
        "bleeding-edge": "bleeding-edge",
        "bud": "bud",
        "darwin": "darwin",
        "deploy": [
          "digga",
          "deploy"
        ],
        "digga": "digga",
        "flake-utils": [
          "digga",
          "flake-utils"
        ],
        "flake-utils-plus": [
          "digga",
          "flake-utils-plus"
        ],
        "home": "home",
        "latest": "latest_2",
        "naersk": "naersk",
        "nixlib": [
          "digga",
          "nixlib"
        ],
        "nixos": "nixos",
        "nixos-hardware": "nixos-hardware",
        "nixpkgs": [
          "nixos"
        ],
        "nur": "nur",
        "nvfetcher": "nvfetcher"
      }
    }
  },
  "root": "root",
  "version": 7
}
